
Microsoft Visual Studio Solution File, Format Version 12.00
# Visual Studio Version 17
VisualStudioVersion = 17.6.33717.318
MinimumVisualStudioVersion = 10.0.40219.1
Project("{FAE04EC0-301F-11D3-BF4B-00C04F79EFBC}") = "ETicketsAdminApplication", "ETicketsAdminApplication\ETicketsAdminApplication.csproj", "{27566CC7-D380-4DC8-B9B9-A17F06BB3AE6}"
EndProject
Global
	GlobalSection(SolutionConfigurationPlatforms) = preSolution
		Debug|Any CPU = Debug|Any CPU
		Release|Any CPU = Release|Any CPU
	EndGlobalSection
	GlobalSection(ProjectConfigurationPlatforms) = postSolution
		{27566CC7-D380-4DC8-B9B9-A17F06BB3AE6}.Debug|Any CPU.ActiveCfg = Debug|Any CPU
		{27566CC7-D380-4DC8-B9B9-A17F06BB3AE6}.Debug|Any CPU.Build.0 = Debug|Any CPU
		{27566CC7-D380-4DC8-B9B9-A17F06BB3AE6}.Release|Any CPU.ActiveCfg = Release|Any CPU
		{27566CC7-D380-4DC8-B9B9-A17F06BB3AE6}.Release|Any CPU.Build.0 = Release|Any CPU
	EndGlobalSection
	GlobalSection(SolutionProperties) = preSolution
		HideSolutionNode = FALSE
	EndGlobalSection
	GlobalSection(ExtensibilityGlobals) = postSolution
		SolutionGuid = {35E2BE05-967D-4676-A226-E1A1D4B59A33}
	EndGlobalSection
EndGlobal
